
Microsoft Visual Studio Solution File, Format Version 12.00
# Visual Studio Version 16
VisualStudioVersion = 16.0.30225.117
MinimumVisualStudioVersion = 10.0.40219.1
Project("{FAE04EC0-301F-11D3-BF4B-00C04F79EFBC}") = "PWS", "PWS\PWS.csproj", "{E1101C99-2952-43B7-82F3-D12D615BB336}"
EndProject
Project("{FAE04EC0-301F-11D3-BF4B-00C04F79EFBC}") = "PWS.DAL", "PWS.DAL\PWS.DAL.csproj", "{8A3C8555-E195-43C5-9FC7-B55A8FBCDF0B}"
EndProject
Project("{FAE04EC0-301F-11D3-BF4B-00C04F79EFBC}") = "PingOne.Core", "PingOne.Core\PingOne.Core.csproj", "{A676FA11-0767-4AB6-A848-426772E98F05}"
EndProject
Global
	GlobalSection(SolutionConfigurationPlatforms) = preSolution
		Debug|Any CPU = Debug|Any CPU
		Release|Any CPU = Release|Any CPU
	EndGlobalSection
	GlobalSection(ProjectConfigurationPlatforms) = postSolution
		{E1101C99-2952-43B7-82F3-D12D615BB336}.Debug|Any CPU.ActiveCfg = Debug|Any CPU
		{E1101C99-2952-43B7-82F3-D12D615BB336}.Debug|Any CPU.Build.0 = Debug|Any CPU
		{E1101C99-2952-43B7-82F3-D12D615BB336}.Release|Any CPU.ActiveCfg = Release|Any CPU
		{E1101C99-2952-43B7-82F3-D12D615BB336}.Release|Any CPU.Build.0 = Release|Any CPU
		{8A3C8555-E195-43C5-9FC7-B55A8FBCDF0B}.Debug|Any CPU.ActiveCfg = Debug|Any CPU
		{8A3C8555-E195-43C5-9FC7-B55A8FBCDF0B}.Debug|Any CPU.Build.0 = Debug|Any CPU
		{8A3C8555-E195-43C5-9FC7-B55A8FBCDF0B}.Release|Any CPU.ActiveCfg = Release|Any CPU
		{8A3C8555-E195-43C5-9FC7-B55A8FBCDF0B}.Release|Any CPU.Build.0 = Release|Any CPU
		{A676FA11-0767-4AB6-A848-426772E98F05}.Debug|Any CPU.ActiveCfg = Debug|Any CPU
		{A676FA11-0767-4AB6-A848-426772E98F05}.Debug|Any CPU.Build.0 = Debug|Any CPU
		{A676FA11-0767-4AB6-A848-426772E98F05}.Release|Any CPU.ActiveCfg = Release|Any CPU
		{A676FA11-0767-4AB6-A848-426772E98F05}.Release|Any CPU.Build.0 = Release|Any CPU
	EndGlobalSection
	GlobalSection(SolutionProperties) = preSolution
		HideSolutionNode = FALSE
	EndGlobalSection
	GlobalSection(ExtensibilityGlobals) = postSolution
		SolutionGuid = {5C214D56-6F40-4823-9A0F-F3FB7CC7E6C2}
	EndGlobalSection
EndGlobal
